<?xml version="1.0" encoding="utf-8"?>
<Project ToolsVersion="4.0" xmlns="http://schemas.microsoft.com/developer/msbuild/2003">
  <ItemGroup>
    <Filter Include="Исходные файлы">
      <UniqueIdentifier>{4FC737F1-C7A5-4376-A066-2A32D752A2FF}</UniqueIdentifier>
      <Extensions>cpp;c;cc;cxx;c++;cppm;ixx;def;odl;idl;hpj;bat;asm;asmx</Extensions>
    </Filter>
    <Filter Include="Файлы заголовков">
      <UniqueIdentifier>{93995380-89BD-4b04-88EB-625FBE52EBFB}</UniqueIdentifier>
      <Extensions>h;hh;hpp;hxx;h++;hm;inl;inc;ipp;xsd</Extensions>
    </Filter>
    <Filter Include="Файлы ресурсов">
      <UniqueIdentifier>{67DA6AB6-F800-4c08-8B7A-83BB121AAD01}</UniqueIdentifier>
      <Extensions>rc;ico;cur;bmp;dlg;rc2;rct;bin;rgs;gif;jpg;jpeg;jpe;resx;tiff;tif;png;wav;mfcribbon-ms</Extensions>
    </Filter>
    <Filter Include="Файлы заголовков\FolderForm">
      <UniqueIdentifier>{393fe336-b13e-4a43-b595-c4ae1f38b161}</UniqueIdentifier>
    </Filter>
    <Filter Include="Файлы заголовков\InformationForm">
      <UniqueIdentifier>{518dad5e-4c57-45de-86cd-d10ce0b81728}</UniqueIdentifier>
    </Filter>
    <Filter Include="Файлы заголовков\ChangeColorForm">
      <UniqueIdentifier>{4bc4f144-20a8-421f-ab4a-530076421fda}</UniqueIdentifier>
    </Filter>
    <Filter Include="Файлы заголовков\rapid json">
      <UniqueIdentifier>{ac50541b-6d0c-4828-aede-39a177a044df}</UniqueIdentifier>
    </Filter>
  </ItemGroup>
  <ItemGroup>
    <ClCompile Include="Information.cpp">
      <Filter>Файлы заголовков\InformationForm</Filter>
    </ClCompile>
    <ClCompile Include="FolderForm.cpp">
      <Filter>Файлы заголовков\FolderForm</Filter>
    </ClCompile>
    <ClCompile Include="ColorChangeForm.cpp">
      <Filter>Файлы заголовков\ChangeColorForm</Filter>
    </ClCompile>
    <ClCompile Include="MyForm.cpp">
      <Filter>Файлы заголовков</Filter>
    </ClCompile>
  </ItemGroup>
  <ItemGroup>
    <ClInclude Include="MyForm.h">
      <Filter>Файлы заголовков</Filter>
    </ClInclude>
    <ClInclude Include="InformationForm.h">
      <Filter>Файлы заголовков\InformationForm</Filter>
    </ClInclude>
    <ClInclude Include="FolderForm.h">
      <Filter>Файлы заголовков\FolderForm</Filter>
    </ClInclude>
    <ClInclude Include="ColorChangeForm.h">
      <Filter>Файлы заголовков\ChangeColorForm</Filter>
    </ClInclude>
    <ClInclude Include="rapidjson\allocators.h">
      <Filter>Файлы заголовков\rapid json</Filter>
    </ClInclude>
    <ClInclude Include="rapidjson\internal\biginteger.h">
      <Filter>Файлы заголовков\rapid json</Filter>
    </ClInclude>
    <ClInclude Include="rapidjson\internal\clzll.h">
      <Filter>Файлы заголовков\rapid json</Filter>
    </ClInclude>
    <ClInclude Include="rapidjson\cursorstreamwrapper.h">
      <Filter>Файлы заголовков\rapid json</Filter>
    </ClInclude>
    <ClInclude Include="rapidjson\internal\diyfp.h">
      <Filter>Файлы заголовков\rapid json</Filter>
    </ClInclude>
    <ClInclude Include="rapidjson\document.h">
      <Filter>Файлы заголовков\rapid json</Filter>
    </ClInclude>
    <ClInclude Include="rapidjson\internal\dtoa.h">
      <Filter>Файлы заголовков\rapid json</Filter>
    </ClInclude>
    <ClInclude Include="rapidjson\error\en.h">
      <Filter>Файлы заголовков\rapid json</Filter>
    </ClInclude>
    <ClInclude Include="rapidjson\encodedstream.h">
      <Filter>Файлы заголовков\rapid json</Filter>
    </ClInclude>
    <ClInclude Include="rapidjson\encodings.h">
      <Filter>Файлы заголовков\rapid json</Filter>
    </ClInclude>
    <ClInclude Include="rapidjson\error\error.h">
      <Filter>Файлы заголовков\rapid json</Filter>
    </ClInclude>
    <ClInclude Include="rapidjson\filereadstream.h">
      <Filter>Файлы заголовков\rapid json</Filter>
    </ClInclude>
    <ClInclude Include="rapidjson\filewritestream.h">
      <Filter>Файлы заголовков\rapid json</Filter>
    </ClInclude>
    <ClInclude Include="rapidjson\fwd.h">
      <Filter>Файлы заголовков\rapid json</Filter>
    </ClInclude>
    <ClInclude Include="rapidjson\internal\ieee754.h">
      <Filter>Файлы заголовков\rapid json</Filter>
    </ClInclude>
    <ClInclude Include="rapidjson\msinttypes\inttypes.h">
      <Filter>Файлы заголовков\rapid json</Filter>
    </ClInclude>
    <ClInclude Include="rapidjson\istreamwrapper.h">
      <Filter>Файлы заголовков\rapid json</Filter>
    </ClInclude>
    <ClInclude Include="rapidjson\internal\itoa.h">
      <Filter>Файлы заголовков\rapid json</Filter>
    </ClInclude>
    <ClInclude Include="rapidjson\memorybuffer.h">
      <Filter>Файлы заголовков\rapid json</Filter>
    </ClInclude>
    <ClInclude Include="rapidjson\memorystream.h">
      <Filter>Файлы заголовков\rapid json</Filter>
    </ClInclude>
    <ClInclude Include="rapidjson\internal\meta.h">
      <Filter>Файлы заголовков\rapid json</Filter>
    </ClInclude>
    <ClInclude Include="rapidjson\writer.h">
      <Filter>Файлы заголовков\rapid json</Filter>
    </ClInclude>
    <ClInclude Include="rapidjson\ostreamwrapper.h">
      <Filter>Файлы заголовков\rapid json</Filter>
    </ClInclude>
    <ClInclude Include="rapidjson\pointer.h">
      <Filter>Файлы заголовков\rapid json</Filter>
    </ClInclude>
    <ClInclude Include="rapidjson\internal\pow10.h">
      <Filter>Файлы заголовков\rapid json</Filter>
    </ClInclude>
    <ClInclude Include="rapidjson\prettywriter.h">
      <Filter>Файлы заголовков\rapid json</Filter>
    </ClInclude>
    <ClInclude Include="rapidjson\rapidjson.h">
      <Filter>Файлы заголовков\rapid json</Filter>
    </ClInclude>
    <ClInclude Include="rapidjson\reader.h">
      <Filter>Файлы заголовков\rapid json</Filter>
    </ClInclude>
    <ClInclude Include="rapidjson\internal\regex.h">
      <Filter>Файлы заголовков\rapid json</Filter>
    </ClInclude>
    <ClInclude Include="resource.h">
      <Filter>Файлы заголовков\rapid json</Filter>
    </ClInclude>
    <ClInclude Include="rapidjson\schema.h">
      <Filter>Файлы заголовков\rapid json</Filter>
    </ClInclude>
    <ClInclude Include="rapidjson\internal\stack.h">
      <Filter>Файлы заголовков\rapid json</Filter>
    </ClInclude>
    <ClInclude Include="rapidjson\msinttypes\stdint.h">
      <Filter>Файлы заголовков\rapid json</Filter>
    </ClInclude>
    <ClInclude Include="rapidjson\stream.h">
      <Filter>Файлы заголовков\rapid json</Filter>
    </ClInclude>
    <ClInclude Include="rapidjson\internal\strfunc.h">
      <Filter>Файлы заголовков\rapid json</Filter>
    </ClInclude>
    <ClInclude Include="rapidjson\stringbuffer.h">
      <Filter>Файлы заголовков\rapid json</Filter>
    </ClInclude>
    <ClInclude Include="rapidjson\internal\strtod.h">
      <Filter>Файлы заголовков\rapid json</Filter>
    </ClInclude>
    <ClInclude Include="rapidjson\internal\swap.h">
      <Filter>Файлы заголовков\rapid json</Filter>
    </ClInclude>
    <ClInclude Include="rapidjson\uri.h">
      <Filter>Файлы заголовков\rapid json</Filter>
    </ClInclude>
    <ClInclude Include="MyForm handler.cpp">
      <Filter>Файлы заголовков</Filter>
    </ClInclude>
    <ClInclude Include="Application Data.h">
      <Filter>Файлы заголовков</Filter>
    </ClInclude>
  </ItemGroup>
  <ItemGroup>
    <None Include="settings.json" />
  </ItemGroup>
</Project>